
Microsoft Visual Studio Solution File, Format Version 12.00
# Visual Studio Version 16
VisualStudioVersion = 16.0.31229.75
MinimumVisualStudioVersion = 10.0.40219.1
Project("{FAE04EC0-301F-11D3-BF4B-00C04F79EFBC}") = "SistemaExemplo", "SistemaExemplo\SistemaExemplo.csproj", "{D157B700-0E1A-4554-BDBE-80B5861658A3}"
EndProject
Global
	GlobalSection(SolutionConfigurationPlatforms) = preSolution
		Debug|Any CPU = Debug|Any CPU
		Release|Any CPU = Release|Any CPU
	EndGlobalSection
	GlobalSection(ProjectConfigurationPlatforms) = postSolution
		{D157B700-0E1A-4554-BDBE-80B5861658A3}.Debug|Any CPU.ActiveCfg = Debug|Any CPU
		{D157B700-0E1A-4554-BDBE-80B5861658A3}.Debug|Any CPU.Build.0 = Debug|Any CPU
		{D157B700-0E1A-4554-BDBE-80B5861658A3}.Release|Any CPU.ActiveCfg = Release|Any CPU
		{D157B700-0E1A-4554-BDBE-80B5861658A3}.Release|Any CPU.Build.0 = Release|Any CPU
	EndGlobalSection
	GlobalSection(SolutionProperties) = preSolution
		HideSolutionNode = FALSE
	EndGlobalSection
	GlobalSection(ExtensibilityGlobals) = postSolution
		SolutionGuid = {553CB79F-FC3A-4C92-836F-CAFEF21FC5E5}
	EndGlobalSection
EndGlobal
